
Microsoft Visual Studio Solution File, Format Version 12.00
# Visual Studio Version 17
VisualStudioVersion = 17.3.32929.385
MinimumVisualStudioVersion = 10.0.40219.1
Project("{9A19103F-16F7-4668-BE54-9A1E7A4F7556}") = "captcha", "captcha\captcha.csproj", "{ADA45B0D-9218-4E16-880D-825D022A5684}"
EndProject
Project("{9A19103F-16F7-4668-BE54-9A1E7A4F7556}") = "lingvo.core", "lingvo.core\lingvo.core.csproj", "{A64092D5-B7CC-4AAB-8CC2-571882DA64D8}"
EndProject
Project("{9A19103F-16F7-4668-BE54-9A1E7A4F7556}") = "crfsuite.net", "crfsuite.net\crfsuite.net.csproj", "{0E34915B-130F-40F4-B0BC-F543ABE52CEF}"
EndProject
Project("{9A19103F-16F7-4668-BE54-9A1E7A4F7556}") = "sent-splitting", "sent-splitting\sent-splitting.csproj", "{945A3CAA-EF28-4344-8DBB-7EBEB4BE0301}"
EndProject
Project("{9A19103F-16F7-4668-BE54-9A1E7A4F7556}") = "ner-crf", "ner-crf\ner-crf.csproj", "{97B9B41C-DABF-4D93-B111-85B8D86ACBA6}"
EndProject
Project("{9A19103F-16F7-4668-BE54-9A1E7A4F7556}") = "ner_ru.console", "ner_ru.console\ner_ru.console.csproj", "{565D8931-19DD-4AC3-8B11-22ED3FBC5BD1}"
EndProject
Project("{9A19103F-16F7-4668-BE54-9A1E7A4F7556}") = "ner_ru.webService", "ner_ru.webService\ner_ru.webService.csproj", "{C8A54A3B-86AE-4403-82E4-011752208647}"
EndProject
Global
	GlobalSection(SolutionConfigurationPlatforms) = preSolution
		Debug|Any CPU = Debug|Any CPU
		Release|Any CPU = Release|Any CPU
	EndGlobalSection
	GlobalSection(ProjectConfigurationPlatforms) = postSolution
		{ADA45B0D-9218-4E16-880D-825D022A5684}.Debug|Any CPU.ActiveCfg = Debug|Any CPU
		{ADA45B0D-9218-4E16-880D-825D022A5684}.Debug|Any CPU.Build.0 = Debug|Any CPU
		{ADA45B0D-9218-4E16-880D-825D022A5684}.Release|Any CPU.ActiveCfg = Release|Any CPU
		{ADA45B0D-9218-4E16-880D-825D022A5684}.Release|Any CPU.Build.0 = Release|Any CPU
		{A64092D5-B7CC-4AAB-8CC2-571882DA64D8}.Debug|Any CPU.ActiveCfg = Debug|Any CPU
		{A64092D5-B7CC-4AAB-8CC2-571882DA64D8}.Debug|Any CPU.Build.0 = Debug|Any CPU
		{A64092D5-B7CC-4AAB-8CC2-571882DA64D8}.Release|Any CPU.ActiveCfg = Release|Any CPU
		{A64092D5-B7CC-4AAB-8CC2-571882DA64D8}.Release|Any CPU.Build.0 = Release|Any CPU
		{0E34915B-130F-40F4-B0BC-F543ABE52CEF}.Debug|Any CPU.ActiveCfg = Debug|Any CPU
		{0E34915B-130F-40F4-B0BC-F543ABE52CEF}.Debug|Any CPU.Build.0 = Debug|Any CPU
		{0E34915B-130F-40F4-B0BC-F543ABE52CEF}.Release|Any CPU.ActiveCfg = Release|Any CPU
		{0E34915B-130F-40F4-B0BC-F543ABE52CEF}.Release|Any CPU.Build.0 = Release|Any CPU
		{945A3CAA-EF28-4344-8DBB-7EBEB4BE0301}.Debug|Any CPU.ActiveCfg = Debug|Any CPU
		{945A3CAA-EF28-4344-8DBB-7EBEB4BE0301}.Debug|Any CPU.Build.0 = Debug|Any CPU
		{945A3CAA-EF28-4344-8DBB-7EBEB4BE0301}.Release|Any CPU.ActiveCfg = Release|Any CPU
		{945A3CAA-EF28-4344-8DBB-7EBEB4BE0301}.Release|Any CPU.Build.0 = Release|Any CPU
		{97B9B41C-DABF-4D93-B111-85B8D86ACBA6}.Debug|Any CPU.ActiveCfg = Debug|Any CPU
		{97B9B41C-DABF-4D93-B111-85B8D86ACBA6}.Debug|Any CPU.Build.0 = Debug|Any CPU
		{97B9B41C-DABF-4D93-B111-85B8D86ACBA6}.Release|Any CPU.ActiveCfg = Release|Any CPU
		{97B9B41C-DABF-4D93-B111-85B8D86ACBA6}.Release|Any CPU.Build.0 = Release|Any CPU
		{565D8931-19DD-4AC3-8B11-22ED3FBC5BD1}.Debug|Any CPU.ActiveCfg = Debug|Any CPU
		{565D8931-19DD-4AC3-8B11-22ED3FBC5BD1}.Debug|Any CPU.Build.0 = Debug|Any CPU
		{565D8931-19DD-4AC3-8B11-22ED3FBC5BD1}.Release|Any CPU.ActiveCfg = Release|Any CPU
		{565D8931-19DD-4AC3-8B11-22ED3FBC5BD1}.Release|Any CPU.Build.0 = Release|Any CPU
		{C8A54A3B-86AE-4403-82E4-011752208647}.Debug|Any CPU.ActiveCfg = Debug|Any CPU
		{C8A54A3B-86AE-4403-82E4-011752208647}.Debug|Any CPU.Build.0 = Debug|Any CPU
		{C8A54A3B-86AE-4403-82E4-011752208647}.Release|Any CPU.ActiveCfg = Release|Any CPU
		{C8A54A3B-86AE-4403-82E4-011752208647}.Release|Any CPU.Build.0 = Release|Any CPU
	EndGlobalSection
	GlobalSection(SolutionProperties) = preSolution
		HideSolutionNode = FALSE
	EndGlobalSection
	GlobalSection(ExtensibilityGlobals) = postSolution
		SolutionGuid = {D552871D-D686-4343-B827-6B5255965A08}
	EndGlobalSection
EndGlobal
