
Microsoft Visual Studio Solution File, Format Version 12.00
# Visual Studio 2012
Project("{FAE04EC0-301F-11D3-BF4B-00C04F79EFBC}") = "ner_ru.web.demo", "ner_ru.web.demo\ner_ru.web.demo.csproj", "{CCBDCD3D-78BE-4F9B-81FE-2A208499F597}"
EndProject
Project("{FAE04EC0-301F-11D3-BF4B-00C04F79EFBC}") = "captcha", "captcha\captcha.csproj", "{ADA45B0D-9218-4E16-880D-825D022A5684}"
EndProject
Project("{2150E333-8FDC-42A3-9474-1A3956D46DE8}") = "[lib]", "[lib]", "{3CB88523-7F8A-4DE8-8020-7C2B0F54F269}"
	ProjectSection(SolutionItems) = preProject
		[lib]\Newtonsoft.Json.dll = [lib]\Newtonsoft.Json.dll
	EndProjectSection
EndProject
Project("{FAE04EC0-301F-11D3-BF4B-00C04F79EFBC}") = "lingvo.core", "lingvo.core\lingvo.core.csproj", "{A64092D5-B7CC-4AAB-8CC2-571882DA64D8}"
EndProject
Project("{FAE04EC0-301F-11D3-BF4B-00C04F79EFBC}") = "crfsuite.net", "crfsuite.net\crfsuite.net.csproj", "{0E34915B-130F-40F4-B0BC-F543ABE52CEF}"
EndProject
Project("{FAE04EC0-301F-11D3-BF4B-00C04F79EFBC}") = "SentSplitter", "SentSplitter\SentSplitter.csproj", "{945A3CAA-EF28-4344-8DBB-7EBEB4BE0301}"
EndProject
Project("{FAE04EC0-301F-11D3-BF4B-00C04F79EFBC}") = "ner-crf.NET", "ner-crf.net\ner-crf.NET.csproj", "{97B9B41C-DABF-4D93-B111-85B8D86ACBA6}"
EndProject
Global
	GlobalSection(SolutionConfigurationPlatforms) = preSolution
		Debug|Any CPU = Debug|Any CPU
		Release|Any CPU = Release|Any CPU
	EndGlobalSection
	GlobalSection(ProjectConfigurationPlatforms) = postSolution
		{CCBDCD3D-78BE-4F9B-81FE-2A208499F597}.Debug|Any CPU.ActiveCfg = Debug|Any CPU
		{CCBDCD3D-78BE-4F9B-81FE-2A208499F597}.Debug|Any CPU.Build.0 = Debug|Any CPU
		{CCBDCD3D-78BE-4F9B-81FE-2A208499F597}.Release|Any CPU.ActiveCfg = Release|Any CPU
		{CCBDCD3D-78BE-4F9B-81FE-2A208499F597}.Release|Any CPU.Build.0 = Release|Any CPU
		{ADA45B0D-9218-4E16-880D-825D022A5684}.Debug|Any CPU.ActiveCfg = Debug|Any CPU
		{ADA45B0D-9218-4E16-880D-825D022A5684}.Debug|Any CPU.Build.0 = Debug|Any CPU
		{ADA45B0D-9218-4E16-880D-825D022A5684}.Release|Any CPU.ActiveCfg = Release|Any CPU
		{ADA45B0D-9218-4E16-880D-825D022A5684}.Release|Any CPU.Build.0 = Release|Any CPU
		{A64092D5-B7CC-4AAB-8CC2-571882DA64D8}.Debug|Any CPU.ActiveCfg = Debug|Any CPU
		{A64092D5-B7CC-4AAB-8CC2-571882DA64D8}.Debug|Any CPU.Build.0 = Debug|Any CPU
		{A64092D5-B7CC-4AAB-8CC2-571882DA64D8}.Release|Any CPU.ActiveCfg = Release|Any CPU
		{A64092D5-B7CC-4AAB-8CC2-571882DA64D8}.Release|Any CPU.Build.0 = Release|Any CPU
		{0E34915B-130F-40F4-B0BC-F543ABE52CEF}.Debug|Any CPU.ActiveCfg = Debug|Any CPU
		{0E34915B-130F-40F4-B0BC-F543ABE52CEF}.Debug|Any CPU.Build.0 = Debug|Any CPU
		{0E34915B-130F-40F4-B0BC-F543ABE52CEF}.Release|Any CPU.ActiveCfg = Release|Any CPU
		{0E34915B-130F-40F4-B0BC-F543ABE52CEF}.Release|Any CPU.Build.0 = Release|Any CPU
		{945A3CAA-EF28-4344-8DBB-7EBEB4BE0301}.Debug|Any CPU.ActiveCfg = Debug|Any CPU
		{945A3CAA-EF28-4344-8DBB-7EBEB4BE0301}.Debug|Any CPU.Build.0 = Debug|Any CPU
		{945A3CAA-EF28-4344-8DBB-7EBEB4BE0301}.Release|Any CPU.ActiveCfg = Release|Any CPU
		{945A3CAA-EF28-4344-8DBB-7EBEB4BE0301}.Release|Any CPU.Build.0 = Release|Any CPU
		{97B9B41C-DABF-4D93-B111-85B8D86ACBA6}.Debug|Any CPU.ActiveCfg = Debug|Any CPU
		{97B9B41C-DABF-4D93-B111-85B8D86ACBA6}.Debug|Any CPU.Build.0 = Debug|Any CPU
		{97B9B41C-DABF-4D93-B111-85B8D86ACBA6}.Release|Any CPU.ActiveCfg = Release|Any CPU
		{97B9B41C-DABF-4D93-B111-85B8D86ACBA6}.Release|Any CPU.Build.0 = Release|Any CPU
	EndGlobalSection
	GlobalSection(SolutionProperties) = preSolution
		HideSolutionNode = FALSE
	EndGlobalSection
EndGlobal
